{
  "name": "react-app",
  "version": "0.1.0",
  "lockfileVersion": 1,
  "requires": true,
  "dependencies": {
    "js-input-validator": {
      "version": "0.0.2",
      "resolved": "https://registry.npmjs.org/js-input-validator/-/js-input-validator-0.0.2.tgz",
      "integrity": "sha1-3C+MnzQe6kAeRkeKTGlDzRwP7SU="
    }
  }
}
